version = 1
requires-python = ">=3.13"

[[package]]
name = "basedpyright"
version = "1.28.3"
source = { registry = "https://pypi.org/simple" }
dependencies = [
    { name = "nodejs-wheel-binaries" },
]
sdist = { url = "https://files.pythonhosted.org/packages/37/bb/d5b68bfacecaee6abccef32871fe9d93e74d48ff9f89da967d52f3965b2c/basedpyright-1.28.3.tar.gz", hash = "sha256:c860a42b963a3d5eaa7141612653af0b3735ca1a1bf7b15c25efa8bdcba6f1eb", size = 21620897 }
wheels = [
    { url = "https://files.pythonhosted.org/packages/43/7a/e303376c43f676d38a9df5bca9ce34760ed87707fcaaba813c3e6fffc343/basedpyright-1.28.3-py3-none-any.whl", hash = "sha256:1787283dd3a4c9698708b8dee59026e1bcebaf954c7d4711a47c3fe1f884da7f", size = 11506366 },
]

[[package]]
name = "ekuraddon"
version = "1.1.1"
source = { virtual = "." }
dependencies = [
    { name = "fake-bpy-module-latest" },
]

[package.dev-dependencies]
dev = [
    { name = "basedpyright" },
    { name = "ruff" },
]

[package.metadata]
requires-dist = [{ name = "fake-bpy-module-latest" }]

[package.metadata.requires-dev]
dev = [
    { name = "basedpyright", specifier = ">=1.28.3" },
    { name = "ruff", specifier = ">=0.11.1" },
]

[[package]]
name = "fake-bpy-module-latest"
version = "20250316"
source = { registry = "https://pypi.org/simple" }
sdist = { url = "https://files.pythonhosted.org/packages/48/ff/11965be21df3a83e1a0d0194398043395b3e6771425d6862924c18df1c88/fake_bpy_module_latest-20250316.tar.gz", hash = "sha256:b6e6b8fa178e4cc588134752b1ec4e7e978ecd0c8d33dd6232269ceb64c8550c", size = 951378 }
wheels = [
    { url = "https://files.pythonhosted.org/packages/60/3a/ce72f738cd852a378ac2ca2a66cd9b7aa98e58dfe9e74b71c521f6804bd5/fake_bpy_module_latest-20250316-py3-none-any.whl", hash = "sha256:91ca48c5abb9610d4d5199fab329577eb7995ee941c772048a1269bc6214d450", size = 1076780 },
]

[[package]]
name = "nodejs-wheel-binaries"
version = "22.14.0"
source = { registry = "https://pypi.org/simple" }
sdist = { url = "https://files.pythonhosted.org/packages/d7/c7/4fd3871d2b7fd5122216245e273201ab98eda92bbd6fe9ad04846b758c56/nodejs_wheel_binaries-22.14.0.tar.gz", hash = "sha256:c1dc43713598c7310d53795c764beead861b8c5021fe4b1366cb912ce1a4c8bf", size = 8055 }
wheels = [
    { url = "https://files.pythonhosted.org/packages/61/b6/66ef4ef75ea7389ea788f2d5505bf9a8e5c3806d56c7a90cf46a6942f1cf/nodejs_wheel_binaries-22.14.0-py2.py3-none-macosx_11_0_arm64.whl", hash = "sha256:d8ab8690516a3e98458041286e3f0d6458de176d15c14f205c3ea2972131420d", size = 50326597 },
    { url = "https://files.pythonhosted.org/packages/7d/78/023d91a293ba73572a643bc89d11620d189f35f205a309dd8296aa45e69a/nodejs_wheel_binaries-22.14.0-py2.py3-none-macosx_11_0_x86_64.whl", hash = "sha256:b2f200f23b3610bdbee01cf136279e005ffdf8ee74557aa46c0940a7867956f6", size = 51158258 },
    { url = "https://files.pythonhosted.org/packages/af/86/324f6342c79e5034a13319b02ba9ed1f4ac8813af567d223c9a9e56cd338/nodejs_wheel_binaries-22.14.0-py2.py3-none-manylinux_2_17_aarch64.manylinux2014_aarch64.whl", hash = "sha256:d0877832abd7a9c75c8c5caafa37f986c9341ee025043c2771213d70c4c1defa", size = 57180264 },
    { url = "https://files.pythonhosted.org/packages/6d/9f/42bdaab26137e31732bff00147b9aca2185d475b5752b57a443e6c7ba93f/nodejs_wheel_binaries-22.14.0-py2.py3-none-manylinux_2_17_x86_64.manylinux2014_x86_64.whl", hash = "sha256:8fded5a70a8a55c2135e67bd580d8b7f2e94fcbafcc679b6a2d5b92f88373d69", size = 57693251 },
    { url = "https://files.pythonhosted.org/packages/ab/d7/94f8f269aa86cf35f9ed2b70d09aca48dc971fb5656fdc4a3b69364b189f/nodejs_wheel_binaries-22.14.0-py2.py3-none-musllinux_1_2_aarch64.whl", hash = "sha256:c1ade6f3ece458b40c02e89c91d5103792a9f18aaad5026da533eb0dcb87090e", size = 58841717 },
    { url = "https://files.pythonhosted.org/packages/2d/a0/43b7316eaf22b4ee9bfb897ee36c724efceac7b89d7d1bedca28057b7be1/nodejs_wheel_binaries-22.14.0-py2.py3-none-musllinux_1_2_x86_64.whl", hash = "sha256:34fa5ed4cf3f65cbfbe9b45c407ffc2fc7d97a06cd8993e6162191ff81f29f48", size = 59808791 },
    { url = "https://files.pythonhosted.org/packages/10/0a/814491f751a25136e37de68a2728c9a9e3c1d20494aba5ff3c230d5f9c2d/nodejs_wheel_binaries-22.14.0-py2.py3-none-win_amd64.whl", hash = "sha256:ca7023276327455988b81390fa6bbfa5191c1da7fc45bc57c7abc281ba9967e9", size = 40478921 },
    { url = "https://files.pythonhosted.org/packages/f4/5c/cab444afaa387dceac8debb817b52fd00596efcd2d54506c27311c6fe6a8/nodejs_wheel_binaries-22.14.0-py2.py3-none-win_arm64.whl", hash = "sha256:fd59c8e9a202221e316febe1624a1ae3b42775b7fb27737bf12ec79565983eaf", size = 36206637 },
]

[[package]]
name = "ruff"
version = "0.11.1"
source = { registry = "https://pypi.org/simple" }
sdist = { url = "https://files.pythonhosted.org/packages/a0/ab/be73f46695c350147ffbfd98d42f34bfe370e6b4146bb0bfdc5b3c636fc7/ruff-0.11.1.tar.gz", hash = "sha256:f2e209a283c9fa423e268cad015ec4fb249178608f755fb67491ff175ecbffbf", size = 3850423 }
wheels = [
    { url = "https://files.pythonhosted.org/packages/de/09/fa72b32fb7a1f670c8d3cb925910447c496117850c6aa1601365ad11cd00/ruff-0.11.1-py3-none-linux_armv6l.whl", hash = "sha256:9c833671aaefcbe280aa54da387264402ffbb1e513ff3420c9c7265ea56d6c5c", size = 10114855 },
    { url = "https://files.pythonhosted.org/packages/fa/c2/544da7ee0bf0a28117218065ccac69683d8d7a885544e6c84076cf72351b/ruff-0.11.1-py3-none-macosx_10_12_x86_64.whl", hash = "sha256:a5a57cd457764228c73066b832040728b02a3837c53c8a781a960b68129c4e0b", size = 10870287 },
    { url = "https://files.pythonhosted.org/packages/ee/56/0d1c0a3f3ab644e813f365c7eee5d0f9b75e755c5642400cd6ad7070f730/ruff-0.11.1-py3-none-macosx_11_0_arm64.whl", hash = "sha256:da91da0d42e70cd8bda8e6687fab2afd28513a3cc9434539f4149610e63baf8f", size = 10223642 },
    { url = "https://files.pythonhosted.org/packages/d6/7c/88f06c23018ca02b8b0f78b62e4c701faa2ef6413d9f5e82277bc094d2e9/ruff-0.11.1-py3-none-manylinux_2_17_aarch64.manylinux2014_aarch64.whl", hash = "sha256:429a2e533e3a0dba2ba7e0608a736e728150aa9b6d179245aa11a1339baa968b", size = 10384382 },
    { url = "https://files.pythonhosted.org/packages/67/55/15d2a355e4c64a712938df4c650d7239128865981eb8314a49782a53ef45/ruff-0.11.1-py3-none-manylinux_2_17_armv7l.manylinux2014_armv7l.whl", hash = "sha256:6bbcc2984a4d5cbc0f7b10409e74a00a043be45d813e5e81eb58e707455df7f1", size = 9965192 },
    { url = "https://files.pythonhosted.org/packages/39/e8/4312a514fac213e90e5b45120339dbaa95a396f4cf3ab740e757fed4fa35/ruff-0.11.1-py3-none-manylinux_2_17_i686.manylinux2014_i686.whl", hash = "sha256:88d9c283ebc88faa5bc23fa33f399b6d47a93f5980c92edcddf1f2127aa376b3", size = 11563312 },
    { url = "https://files.pythonhosted.org/packages/69/ff/4da09bea58e1d784f45169fd281643422727a1c0776802cd6d4b42a0037d/ruff-0.11.1-py3-none-manylinux_2_17_ppc64.manylinux2014_ppc64.whl", hash = "sha256:1f2b03d504516d6b22065ce7fac2564dac15d79a6a776452dabfdd7673a45b07", size = 12223815 },
    { url = "https://files.pythonhosted.org/packages/ec/ba/7e3550f1478a53c4f7efcb0c31a03256eb032a871026da61324ad06dcd0b/ruff-0.11.1-py3-none-manylinux_2_17_ppc64le.manylinux2014_ppc64le.whl", hash = "sha256:52b95a9071f5ad8552af890bd814c6a04daf5b27297ac1054e3667016f3ab739", size = 11662551 },
    { url = "https://files.pythonhosted.org/packages/7d/69/7e2f1c8a0c76de18f9c054382d31c6d5f9b55a3e476b2630fefe289d31a6/ruff-0.11.1-py3-none-manylinux_2_17_s390x.manylinux2014_s390x.whl", hash = "sha256:28e2d89e7ba8a1525cdb50bc86c07aba35e7bbeef86dad93781b14ad94dc732c", size = 13792940 },
    { url = "https://files.pythonhosted.org/packages/02/4b/14f54bbf8f8dd03cb9a8a0294e7de1dc41f3be1806af07b8a104761db597/ruff-0.11.1-py3-none-manylinux_2_17_x86_64.manylinux2014_x86_64.whl", hash = "sha256:e76be5a98dc6c29d85dfa72eb419e8d9276ee96ccf5c33f2b6828001907dcb17", size = 11328700 },
    { url = "https://files.pythonhosted.org/packages/f5/0c/40c1ba7e9a8c2c7325267c214746b80da1b54fb7e70a9265608213f4b2fb/ruff-0.11.1-py3-none-musllinux_1_2_aarch64.whl", hash = "sha256:441f94c44fe250691c92382ef84f40acef290766fb3e819a9035e83eadd4dbbe", size = 10272650 },
    { url = "https://files.pythonhosted.org/packages/a3/27/f86b786e0153c5b52768370f395086c4523dee1af37757a8ef73779b9fbd/ruff-0.11.1-py3-none-musllinux_1_2_armv7l.whl", hash = "sha256:62882a4cc7c0a48c2f34189bd4c7ba45f3d0efb990e02413eeb180aa042a39ca", size = 9973454 },
    { url = "https://files.pythonhosted.org/packages/ab/46/47bf0c7ee80b0476226865d724ee7682323a2cb20aa5d134b8a665f58793/ruff-0.11.1-py3-none-musllinux_1_2_i686.whl", hash = "sha256:111dbad1706d8200a7138237b4766b45ba7ee45cc8299c02102f4327624f86a2", size = 10975303 },
    { url = "https://files.pythonhosted.org/packages/9d/9d/deea8ece99f31aef07f378f83b5571baca74dff0d28fec720e54b171b862/ruff-0.11.1-py3-none-musllinux_1_2_x86_64.whl", hash = "sha256:e2df41763d7a9fd438b6b7bde7b75eb3a92ef2f4682ed2d8e4b997b5f0c76ca9", size = 11402605 },
    { url = "https://files.pythonhosted.org/packages/b8/8c/f11e21f4a5ce0858c35745d43e9a5abd870ed33e151ada23c124bf433e71/ruff-0.11.1-py3-none-win32.whl", hash = "sha256:e17b85919d461583aa7e0171bb4f419a6545b261ca080984db49b1f8dced1d4b", size = 10335500 },
    { url = "https://files.pythonhosted.org/packages/21/c9/ac2784bad48c7a8702d2f13851b69b2a08534b59657ee2b724f42aaaf861/ruff-0.11.1-py3-none-win_amd64.whl", hash = "sha256:caa872941b876f7ad73abc60144f9a7f6efb575e4f91c4fc1517f0339bcea01e", size = 11365097 },
    { url = "https://files.pythonhosted.org/packages/9e/7d/f37251c102cf155cdf664322f1f362f4fd8fe1eb6870e9154255d3cbf0d8/ruff-0.11.1-py3-none-win_arm64.whl", hash = "sha256:7aa939fa57ef6770d18bd5cf0d6de77198dd762a559bd0d4a8763bdae4c8cc16", size = 10510306 },
]
