version = 1
requires-python = ">=3.13"

[[package]]
name = "ekuraddon"
version = "0.1.1"
source = { virtual = "." }
dependencies = [
    { name = "fake-bpy-module-latest" },
]

[package.metadata]
requires-dist = [{ name = "fake-bpy-module-latest" }]

[[package]]
name = "fake-bpy-module-latest"
version = "20250206"
source = { registry = "https://pypi.org/simple" }
sdist = { url = "https://files.pythonhosted.org/packages/70/e8/6a42b046e9cb35ae80b751bf91afdb3fe302b0134aaf2799ebf962cf663b/fake_bpy_module_latest-20250206.tar.gz", hash = "sha256:2d7609510ab9d761d82228d038ca0889911c366a714dd42ab46d2f981d051338", size = 945096 }
wheels = [
    { url = "https://files.pythonhosted.org/packages/43/e5/52f720bc53429729a58e5cfb53a440c70a51b1a209b276512a775b7d5ae1/fake_bpy_module_latest-20250206-py3-none-any.whl", hash = "sha256:eff860d7bd6870addeae3791a07fe0ae8498f04630254e3ceffe228024030c9e", size = 1067046 },
]
